// !$*UTF8*$!
{
	archiveVersion = 1;
	classes = {
	};
	objectVersion = 50;
	objects = {

/* Begin PBXBuildFile section */
		C166DC902117F15D009C2C66 /* UIImageView+WebImage.m in Sources */ = {isa = PBXBuildFile; fileRef = C166DC8F2117F15D009C2C66 /* UIImageView+WebImage.m */; };
		C171799C212126F000A82FF4 /* UIScrollView+PXRefresh.m in Sources */ = {isa = PBXBuildFile; fileRef = C171799B212126F000A82FF4 /* UIScrollView+PXRefresh.m */; };
		C171799F2121275100A82FF4 /* PXRefreshHeader.m in Sources */ = {isa = PBXBuildFile; fileRef = C171799E2121275100A82FF4 /* PXRefreshHeader.m */; };
		C1D4853E2113F87D002E6B3D /* Assets.xcassets in Resources */ = {isa = PBXBuildFile; fileRef = C1D485352113F87D002E6B3D /* Assets.xcassets */; };
		C1D4853F2113F87D002E6B3D /* LaunchScreen.storyboard in Resources */ = {isa = PBXBuildFile; fileRef = C1D485392113F87D002E6B3D /* LaunchScreen.storyboard */; };
		C1D485402113F87D002E6B3D /* main.m in Sources */ = {isa = PBXBuildFile; fileRef = C1D4853B2113F87D002E6B3D /* main.m */; };
		C1D485412113F87D002E6B3D /* AppDelegate.m in Sources */ = {isa = PBXBuildFile; fileRef = C1D4853C2113F87D002E6B3D /* AppDelegate.m */; };
		C1D485422113F87D002E6B3D /* Info.plist in Resources */ = {isa = PBXBuildFile; fileRef = C1D4853D2113F87D002E6B3D /* Info.plist */; };
		C1D485512113FB37002E6B3D /* PXMainViewController.m in Sources */ = {isa = PBXBuildFile; fileRef = C1D485502113FB37002E6B3D /* PXMainViewController.m */; };
		C1D485542113FF19002E6B3D /* PXNewsItem.m in Sources */ = {isa = PBXBuildFile; fileRef = C1D485532113FF19002E6B3D /* PXNewsItem.m */; };
		C1D485572114444F002E6B3D /* PXFilterView.m in Sources */ = {isa = PBXBuildFile; fileRef = C1D485562114444F002E6B3D /* PXFilterView.m */; };
		C1D4855C21144B1B002E6B3D /* PXNewsItemCell.m in Sources */ = {isa = PBXBuildFile; fileRef = C1D4855B21144B1B002E6B3D /* PXNewsItemCell.m */; };
		C1F72BEA211AD70E0088B363 /* PXCalendarView.m in Sources */ = {isa = PBXBuildFile; fileRef = C1F72BE9211AD70E0088B363 /* PXCalendarView.m */; };
		C1F72BED211ADF7E0088B363 /* NSDate+Helper.m in Sources */ = {isa = PBXBuildFile; fileRef = C1F72BEC211ADF7E0088B363 /* NSDate+Helper.m */; };
		C1F72BF0211B0C260088B363 /* UIView+PXFrame.m in Sources */ = {isa = PBXBuildFile; fileRef = C1F72BEE211B0C260088B363 /* UIView+PXFrame.m */; };
		C1F72BF6211B1FFF0088B363 /* PXIndicatorView.m in Sources */ = {isa = PBXBuildFile; fileRef = C1F72BF5211B1FFF0088B363 /* PXIndicatorView.m */; };
		C1F72BF9211B200A0088B363 /* PXDayView.m in Sources */ = {isa = PBXBuildFile; fileRef = C1F72BF8211B200A0088B363 /* PXDayView.m */; };
		C1F72BFD211C1C630088B363 /* PXTitleBar.m in Sources */ = {isa = PBXBuildFile; fileRef = C1F72BFB211C1C630088B363 /* PXTitleBar.m */; };
		C1F72C28211DBF470088B363 /* PXWebImageManager.m in Sources */ = {isa = PBXBuildFile; fileRef = C1F72C27211DBF470088B363 /* PXWebImageManager.m */; };
/* End PBXBuildFile section */

/* Begin PBXFileReference section */
		C166DC8E2117F15D009C2C66 /* UIImageView+WebImage.h */ = {isa = PBXFileReference; lastKnownFileType = sourcecode.c.h; path = "UIImageView+WebImage.h"; sourceTree = "<group>"; };
		C166DC8F2117F15D009C2C66 /* UIImageView+WebImage.m */ = {isa = PBXFileReference; lastKnownFileType = sourcecode.c.objc; path = "UIImageView+WebImage.m"; sourceTree = "<group>"; };
		C171799A212126F000A82FF4 /* UIScrollView+PXRefresh.h */ = {isa = PBXFileReference; lastKnownFileType = sourcecode.c.h; path = "UIScrollView+PXRefresh.h"; sourceTree = "<group>"; };
		C171799B212126F000A82FF4 /* UIScrollView+PXRefresh.m */ = {isa = PBXFileReference; lastKnownFileType = sourcecode.c.objc; path = "UIScrollView+PXRefresh.m"; sourceTree = "<group>"; };
		C171799D2121275100A82FF4 /* PXRefreshHeader.h */ = {isa = PBXFileReference; lastKnownFileType = sourcecode.c.h; path = PXRefreshHeader.h; sourceTree = "<group>"; };
		C171799E2121275100A82FF4 /* PXRefreshHeader.m */ = {isa = PBXFileReference; lastKnownFileType = sourcecode.c.objc; path = PXRefreshHeader.m; sourceTree = "<group>"; };
		C17179A62121B3FB00A82FF4 /* PXRefresh.h */ = {isa = PBXFileReference; lastKnownFileType = sourcecode.c.h; path = PXRefresh.h; sourceTree = "<group>"; };
		C1D4851B2113F712002E6B3D /* News.app */ = {isa = PBXFileReference; explicitFileType = wrapper.application; includeInIndex = 0; path = News.app; sourceTree = BUILT_PRODUCTS_DIR; };
		C1D485352113F87D002E6B3D /* Assets.xcassets */ = {isa = PBXFileReference; lastKnownFileType = folder.assetcatalog; path = Assets.xcassets; sourceTree = "<group>"; };
		C1D485382113F87D002E6B3D /* AppDelegate.h */ = {isa = PBXFileReference; fileEncoding = 4; lastKnownFileType = sourcecode.c.h; path = AppDelegate.h; sourceTree = "<group>"; };
		C1D4853A2113F87D002E6B3D /* Base */ = {isa = PBXFileReference; lastKnownFileType = file.storyboard; name = Base; path = Base.lproj/LaunchScreen.storyboard; sourceTree = "<group>"; };
		C1D4853B2113F87D002E6B3D /* main.m */ = {isa = PBXFileReference; fileEncoding = 4; lastKnownFileType = sourcecode.c.objc; path = main.m; sourceTree = "<group>"; };
		C1D4853C2113F87D002E6B3D /* AppDelegate.m */ = {isa = PBXFileReference; fileEncoding = 4; lastKnownFileType = sourcecode.c.objc; path = AppDelegate.m; sourceTree = "<group>"; };
		C1D4853D2113F87D002E6B3D /* Info.plist */ = {isa = PBXFileReference; fileEncoding = 4; lastKnownFileType = text.plist.xml; path = Info.plist; sourceTree = "<group>"; };
		C1D4854F2113FB37002E6B3D /* PXMainViewController.h */ = {isa = PBXFileReference; lastKnownFileType = sourcecode.c.h; path = PXMainViewController.h; sourceTree = "<group>"; };
		C1D485502113FB37002E6B3D /* PXMainViewController.m */ = {isa = PBXFileReference; lastKnownFileType = sourcecode.c.objc; path = PXMainViewController.m; sourceTree = "<group>"; };
		C1D485522113FF19002E6B3D /* PXNewsItem.h */ = {isa = PBXFileReference; lastKnownFileType = sourcecode.c.h; path = PXNewsItem.h; sourceTree = "<group>"; };
		C1D485532113FF19002E6B3D /* PXNewsItem.m */ = {isa = PBXFileReference; lastKnownFileType = sourcecode.c.objc; path = PXNewsItem.m; sourceTree = "<group>"; };
		C1D485552114444F002E6B3D /* PXFilterView.h */ = {isa = PBXFileReference; lastKnownFileType = sourcecode.c.h; path = PXFilterView.h; sourceTree = "<group>"; };
		C1D485562114444F002E6B3D /* PXFilterView.m */ = {isa = PBXFileReference; lastKnownFileType = sourcecode.c.objc; path = PXFilterView.m; sourceTree = "<group>"; };
		C1D4855A21144B1B002E6B3D /* PXNewsItemCell.h */ = {isa = PBXFileReference; lastKnownFileType = sourcecode.c.h; path = PXNewsItemCell.h; sourceTree = "<group>"; };
		C1D4855B21144B1B002E6B3D /* PXNewsItemCell.m */ = {isa = PBXFileReference; lastKnownFileType = sourcecode.c.objc; path = PXNewsItemCell.m; sourceTree = "<group>"; };
		C1D4855E211452D6002E6B3D /* PrefixHeader.pch */ = {isa = PBXFileReference; lastKnownFileType = sourcecode.c.h; path = PrefixHeader.pch; sourceTree = "<group>"; };
		C1F72BE8211AD70E0088B363 /* PXCalendarView.h */ = {isa = PBXFileReference; lastKnownFileType = sourcecode.c.h; path = PXCalendarView.h; sourceTree = "<group>"; };
		C1F72BE9211AD70E0088B363 /* PXCalendarView.m */ = {isa = PBXFileReference; lastKnownFileType = sourcecode.c.objc; path = PXCalendarView.m; sourceTree = "<group>"; };
		C1F72BEB211ADF7E0088B363 /* NSDate+Helper.h */ = {isa = PBXFileReference; lastKnownFileType = sourcecode.c.h; path = "NSDate+Helper.h"; sourceTree = "<group>"; };
		C1F72BEC211ADF7E0088B363 /* NSDate+Helper.m */ = {isa = PBXFileReference; lastKnownFileType = sourcecode.c.objc; path = "NSDate+Helper.m"; sourceTree = "<group>"; };
		C1F72BEE211B0C260088B363 /* UIView+PXFrame.m */ = {isa = PBXFileReference; fileEncoding = 4; lastKnownFileType = sourcecode.c.objc; path = "UIView+PXFrame.m"; sourceTree = "<group>"; };
		C1F72BEF211B0C260088B363 /* UIView+PXFrame.h */ = {isa = PBXFileReference; fileEncoding = 4; lastKnownFileType = sourcecode.c.h; path = "UIView+PXFrame.h"; sourceTree = "<group>"; };
		C1F72BF4211B1FFF0088B363 /* PXIndicatorView.h */ = {isa = PBXFileReference; lastKnownFileType = sourcecode.c.h; path = PXIndicatorView.h; sourceTree = "<group>"; };
		C1F72BF5211B1FFF0088B363 /* PXIndicatorView.m */ = {isa = PBXFileReference; lastKnownFileType = sourcecode.c.objc; path = PXIndicatorView.m; sourceTree = "<group>"; };
		C1F72BF7211B200A0088B363 /* PXDayView.h */ = {isa = PBXFileReference; lastKnownFileType = sourcecode.c.h; path = PXDayView.h; sourceTree = "<group>"; };
		C1F72BF8211B200A0088B363 /* PXDayView.m */ = {isa = PBXFileReference; lastKnownFileType = sourcecode.c.objc; path = PXDayView.m; sourceTree = "<group>"; };
		C1F72BFB211C1C630088B363 /* PXTitleBar.m */ = {isa = PBXFileReference; fileEncoding = 4; lastKnownFileType = sourcecode.c.objc; path = PXTitleBar.m; sourceTree = "<group>"; };
		C1F72BFC211C1C630088B363 /* PXTitleBar.h */ = {isa = PBXFileReference; fileEncoding = 4; lastKnownFileType = sourcecode.c.h; path = PXTitleBar.h; sourceTree = "<group>"; };
		C1F72C26211DBF470088B363 /* PXWebImageManager.h */ = {isa = PBXFileReference; lastKnownFileType = sourcecode.c.h; path = PXWebImageManager.h; sourceTree = "<group>"; };
		C1F72C27211DBF470088B363 /* PXWebImageManager.m */ = {isa = PBXFileReference; lastKnownFileType = sourcecode.c.objc; path = PXWebImageManager.m; sourceTree = "<group>"; };
/* End PBXFileReference section */

/* Begin PBXFrameworksBuildPhase section */
		C1D485182113F712002E6B3D /* Frameworks */ = {
			isa = PBXFrameworksBuildPhase;
			buildActionMask = 2147483647;
			files = (
			);
			runOnlyForDeploymentPostprocessing = 0;
		};
/* End PBXFrameworksBuildPhase section */

/* Begin PBXGroup section */
		C166DC8D2117F033009C2C66 /* Categories */ = {
			isa = PBXGroup;
			children = (
				C1F72BEB211ADF7E0088B363 /* NSDate+Helper.h */,
				C1F72BEC211ADF7E0088B363 /* NSDate+Helper.m */,
				C1F72BEF211B0C260088B363 /* UIView+PXFrame.h */,
				C1F72BEE211B0C260088B363 /* UIView+PXFrame.m */,
			);
			path = Categories;
			sourceTree = "<group>";
		};
		C1717995212125E700A82FF4 /* Frameworks */ = {
			isa = PBXGroup;
			children = (
				C17179962121262300A82FF4 /* PXRefresh */,
				C1F72C25211DBEBA0088B363 /* PXWebImage */,
				C1F72BFE211C312B0088B363 /* PXCalendarView */,
			);
			path = Frameworks;
			sourceTree = "<group>";
		};
		C17179962121262300A82FF4 /* PXRefresh */ = {
			isa = PBXGroup;
			children = (
				C17179A62121B3FB00A82FF4 /* PXRefresh.h */,
				C171799A212126F000A82FF4 /* UIScrollView+PXRefresh.h */,
				C171799B212126F000A82FF4 /* UIScrollView+PXRefresh.m */,
				C171799D2121275100A82FF4 /* PXRefreshHeader.h */,
				C171799E2121275100A82FF4 /* PXRefreshHeader.m */,
			);
			path = PXRefresh;
			sourceTree = "<group>";
		};
		C1D485122113F712002E6B3D = {
			isa = PBXGroup;
			children = (
				C1D4851D2113F712002E6B3D /* News */,
				C1D4851C2113F712002E6B3D /* Products */,
			);
			sourceTree = "<group>";
		};
		C1D4851C2113F712002E6B3D /* Products */ = {
			isa = PBXGroup;
			children = (
				C1D4851B2113F712002E6B3D /* News.app */,
			);
			name = Products;
			sourceTree = "<group>";
		};
		C1D4851D2113F712002E6B3D /* News */ = {
			isa = PBXGroup;
			children = (
				C1D485362113F87D002E6B3D /* Features */,
				C166DC8D2117F033009C2C66 /* Categories */,
				C1717995212125E700A82FF4 /* Frameworks */,
				C1D4855D211452C0002E6B3D /* Config */,
				C1D485342113F87D002E6B3D /* Resources */,
				C1D485372113F87D002E6B3D /* APPEntry */,
			);
			path = News;
			sourceTree = "<group>";
		};
		C1D485342113F87D002E6B3D /* Resources */ = {
			isa = PBXGroup;
			children = (
				C1D485352113F87D002E6B3D /* Assets.xcassets */,
			);
			path = Resources;
			sourceTree = "<group>";
		};
		C1D485362113F87D002E6B3D /* Features */ = {
			isa = PBXGroup;
			children = (
				C1D485432113F8D2002E6B3D /* Base */,
				C1D485442113F8F9002E6B3D /* Main */,
			);
			path = Features;
			sourceTree = "<group>";
		};
		C1D485372113F87D002E6B3D /* APPEntry */ = {
			isa = PBXGroup;
			children = (
				C1D485382113F87D002E6B3D /* AppDelegate.h */,
				C1D4853C2113F87D002E6B3D /* AppDelegate.m */,
				C1D485392113F87D002E6B3D /* LaunchScreen.storyboard */,
				C1D4853B2113F87D002E6B3D /* main.m */,
				C1D4853D2113F87D002E6B3D /* Info.plist */,
			);
			path = APPEntry;
			sourceTree = "<group>";
		};
		C1D485432113F8D2002E6B3D /* Base */ = {
			isa = PBXGroup;
			children = (
				C1D485492113F98E002E6B3D /* Controller */,
				C1D4854A2113F98E002E6B3D /* Model */,
				C1D4854B2113F98E002E6B3D /* View */,
			);
			path = Base;
			sourceTree = "<group>";
		};
		C1D485442113F8F9002E6B3D /* Main */ = {
			isa = PBXGroup;
			children = (
				C1D485462113F935002E6B3D /* Model */,
				C1D485472113F944002E6B3D /* View */,
				C1D485482113F94C002E6B3D /* Controller */,
			);
			path = Main;
			sourceTree = "<group>";
		};
		C1D485462113F935002E6B3D /* Model */ = {
			isa = PBXGroup;
			children = (
				C1D485522113FF19002E6B3D /* PXNewsItem.h */,
				C1D485532113FF19002E6B3D /* PXNewsItem.m */,
			);
			path = Model;
			sourceTree = "<group>";
		};
		C1D485472113F944002E6B3D /* View */ = {
			isa = PBXGroup;
			children = (
				C1D485552114444F002E6B3D /* PXFilterView.h */,
				C1D485562114444F002E6B3D /* PXFilterView.m */,
				C1D4855A21144B1B002E6B3D /* PXNewsItemCell.h */,
				C1D4855B21144B1B002E6B3D /* PXNewsItemCell.m */,
			);
			path = View;
			sourceTree = "<group>";
		};
		C1D485482113F94C002E6B3D /* Controller */ = {
			isa = PBXGroup;
			children = (
				C1D4854F2113FB37002E6B3D /* PXMainViewController.h */,
				C1D485502113FB37002E6B3D /* PXMainViewController.m */,
			);
			path = Controller;
			sourceTree = "<group>";
		};
		C1D485492113F98E002E6B3D /* Controller */ = {
			isa = PBXGroup;
			children = (
			);
			path = Controller;
			sourceTree = "<group>";
		};
		C1D4854A2113F98E002E6B3D /* Model */ = {
			isa = PBXGroup;
			children = (
			);
			path = Model;
			sourceTree = "<group>";
		};
		C1D4854B2113F98E002E6B3D /* View */ = {
			isa = PBXGroup;
			children = (
			);
			path = View;
			sourceTree = "<group>";
		};
		C1D4855D211452C0002E6B3D /* Config */ = {
			isa = PBXGroup;
			children = (
				C1D4855E211452D6002E6B3D /* PrefixHeader.pch */,
			);
			path = Config;
			sourceTree = "<group>";
		};
		C1F72BFE211C312B0088B363 /* PXCalendarView */ = {
			isa = PBXGroup;
			children = (
				C1F72BE8211AD70E0088B363 /* PXCalendarView.h */,
				C1F72BE9211AD70E0088B363 /* PXCalendarView.m */,
				C1F72BFC211C1C630088B363 /* PXTitleBar.h */,
				C1F72BFB211C1C630088B363 /* PXTitleBar.m */,
				C1F72BF4211B1FFF0088B363 /* PXIndicatorView.h */,
				C1F72BF5211B1FFF0088B363 /* PXIndicatorView.m */,
				C1F72BF7211B200A0088B363 /* PXDayView.h */,
				C1F72BF8211B200A0088B363 /* PXDayView.m */,
			);
			path = PXCalendarView;
			sourceTree = "<group>";
		};
		C1F72C25211DBEBA0088B363 /* PXWebImage */ = {
			isa = PBXGroup;
			children = (
				C1F72C26211DBF470088B363 /* PXWebImageManager.h */,
				C1F72C27211DBF470088B363 /* PXWebImageManager.m */,
				C166DC8E2117F15D009C2C66 /* UIImageView+WebImage.h */,
				C166DC8F2117F15D009C2C66 /* UIImageView+WebImage.m */,
			);
			path = PXWebImage;
			sourceTree = "<group>";
		};
/* End PBXGroup section */

/* Begin PBXNativeTarget section */
		C1D4851A2113F712002E6B3D /* News */ = {
			isa = PBXNativeTarget;
			buildConfigurationList = C1D485312113F713002E6B3D /* Build configuration list for PBXNativeTarget "News" */;
			buildPhases = (
				C1D485172113F712002E6B3D /* Sources */,
				C1D485182113F712002E6B3D /* Frameworks */,
				C1D485192113F712002E6B3D /* Resources */,
			);
			buildRules = (
			);
			dependencies = (
			);
			name = News;
			productName = News;
			productReference = C1D4851B2113F712002E6B3D /* News.app */;
			productType = "com.apple.product-type.application";
		};
/* End PBXNativeTarget section */

/* Begin PBXProject section */
		C1D485132113F712002E6B3D /* Project object */ = {
			isa = PBXProject;
			attributes = {
				LastUpgradeCheck = 0940;
				ORGANIZATIONNAME = Futu;
				TargetAttributes = {
					C1D4851A2113F712002E6B3D = {
						CreatedOnToolsVersion = 9.4.1;
					};
				};
			};
			buildConfigurationList = C1D485162113F712002E6B3D /* Build configuration list for PBXProject "News" */;
			compatibilityVersion = "Xcode 9.3";
			developmentRegion = en;
			hasScannedForEncodings = 0;
			knownRegions = (
				en,
				Base,
			);
			mainGroup = C1D485122113F712002E6B3D;
			productRefGroup = C1D4851C2113F712002E6B3D /* Products */;
			projectDirPath = "";
			projectRoot = "";
			targets = (
				C1D4851A2113F712002E6B3D /* News */,
			);
		};
/* End PBXProject section */

/* Begin PBXResourcesBuildPhase section */
		C1D485192113F712002E6B3D /* Resources */ = {
			isa = PBXResourcesBuildPhase;
			buildActionMask = 2147483647;
			files = (
				C1D4853E2113F87D002E6B3D /* Assets.xcassets in Resources */,
				C1D4853F2113F87D002E6B3D /* LaunchScreen.storyboard in Resources */,
				C1D485422113F87D002E6B3D /* Info.plist in Resources */,
			);
			runOnlyForDeploymentPostprocessing = 0;
		};
/* End PBXResourcesBuildPhase section */

/* Begin PBXSourcesBuildPhase section */
		C1D485172113F712002E6B3D /* Sources */ = {
			isa = PBXSourcesBuildPhase;
			buildActionMask = 2147483647;
			files = (
				C1F72BF6211B1FFF0088B363 /* PXIndicatorView.m in Sources */,
				C1D485412113F87D002E6B3D /* AppDelegate.m in Sources */,
				C171799F2121275100A82FF4 /* PXRefreshHeader.m in Sources */,
				C1D485402113F87D002E6B3D /* main.m in Sources */,
				C1F72C28211DBF470088B363 /* PXWebImageManager.m in Sources */,
				C1D485512113FB37002E6B3D /* PXMainViewController.m in Sources */,
				C171799C212126F000A82FF4 /* UIScrollView+PXRefresh.m in Sources */,
				C1D4855C21144B1B002E6B3D /* PXNewsItemCell.m in Sources */,
				C166DC902117F15D009C2C66 /* UIImageView+WebImage.m in Sources */,
				C1F72BED211ADF7E0088B363 /* NSDate+Helper.m in Sources */,
				C1D485572114444F002E6B3D /* PXFilterView.m in Sources */,
				C1D485542113FF19002E6B3D /* PXNewsItem.m in Sources */,
				C1F72BFD211C1C630088B363 /* PXTitleBar.m in Sources */,
				C1F72BEA211AD70E0088B363 /* PXCalendarView.m in Sources */,
				C1F72BF9211B200A0088B363 /* PXDayView.m in Sources */,
				C1F72BF0211B0C260088B363 /* UIView+PXFrame.m in Sources */,
			);
			runOnlyForDeploymentPostprocessing = 0;
		};
/* End PBXSourcesBuildPhase section */

/* Begin PBXVariantGroup section */
		C1D485392113F87D002E6B3D /* LaunchScreen.storyboard */ = {
			isa = PBXVariantGroup;
			children = (
				C1D4853A2113F87D002E6B3D /* Base */,
			);
			name = LaunchScreen.storyboard;
			sourceTree = "<group>";
		};
/* End PBXVariantGroup section */

/* Begin XCBuildConfiguration section */
		C1D4852F2113F713002E6B3D /* Debug */ = {
			isa = XCBuildConfiguration;
			buildSettings = {
				ALWAYS_SEARCH_USER_PATHS = NO;
				CLANG_ANALYZER_NONNULL = YES;
				CLANG_ANALYZER_NUMBER_OBJECT_CONVERSION = YES_AGGRESSIVE;
				CLANG_CXX_LANGUAGE_STANDARD = "gnu++14";
				CLANG_CXX_LIBRARY = "libc++";
				CLANG_ENABLE_MODULES = YES;
				CLANG_ENABLE_OBJC_ARC = YES;
				CLANG_ENABLE_OBJC_WEAK = YES;
				CLANG_WARN_BLOCK_CAPTURE_AUTORELEASING = YES;
				CLANG_WARN_BOOL_CONVERSION = YES;
				CLANG_WARN_COMMA = YES;
				CLANG_WARN_CONSTANT_CONVERSION = YES;
				CLANG_WARN_DEPRECATED_OBJC_IMPLEMENTATIONS = YES;
				CLANG_WARN_DIRECT_OBJC_ISA_USAGE = YES_ERROR;
				CLANG_WARN_DOCUMENTATION_COMMENTS = YES;
				CLANG_WARN_EMPTY_BODY = YES;
				CLANG_WARN_ENUM_CONVERSION = YES;
				CLANG_WARN_INFINITE_RECURSION = YES;
				CLANG_WARN_INT_CONVERSION = YES;
				CLANG_WARN_NON_LITERAL_NULL_CONVERSION = YES;
				CLANG_WARN_OBJC_IMPLICIT_RETAIN_SELF = YES;
				CLANG_WARN_OBJC_LITERAL_CONVERSION = YES;
				CLANG_WARN_OBJC_ROOT_CLASS = YES_ERROR;
				CLANG_WARN_RANGE_LOOP_ANALYSIS = YES;
				CLANG_WARN_STRICT_PROTOTYPES = YES;
				CLANG_WARN_SUSPICIOUS_MOVE = YES;
				CLANG_WARN_UNGUARDED_AVAILABILITY = YES_AGGRESSIVE;
				CLANG_WARN_UNREACHABLE_CODE = YES;
				CLANG_WARN__DUPLICATE_METHOD_MATCH = YES;
				CODE_SIGN_IDENTITY = "iPhone Developer";
				COPY_PHASE_STRIP = NO;
				DEBUG_INFORMATION_FORMAT = dwarf;
				ENABLE_STRICT_OBJC_MSGSEND = YES;
				ENABLE_TESTABILITY = YES;
				GCC_C_LANGUAGE_STANDARD = gnu11;
				GCC_DYNAMIC_NO_PIC = NO;
				GCC_NO_COMMON_BLOCKS = YES;
				GCC_OPTIMIZATION_LEVEL = 0;
				GCC_PREPROCESSOR_DEFINITIONS = (
					"DEBUG=1",
					"$(inherited)",
				);
				GCC_WARN_64_TO_32_BIT_CONVERSION = YES;
				GCC_WARN_ABOUT_RETURN_TYPE = YES_ERROR;
				GCC_WARN_UNDECLARED_SELECTOR = YES;
				GCC_WARN_UNINITIALIZED_AUTOS = YES_AGGRESSIVE;
				GCC_WARN_UNUSED_FUNCTION = YES;
				GCC_WARN_UNUSED_VARIABLE = YES;
				IPHONEOS_DEPLOYMENT_TARGET = 11.4;
				MTL_ENABLE_DEBUG_INFO = YES;
				ONLY_ACTIVE_ARCH = YES;
				SDKROOT = iphoneos;
			};
			name = Debug;
		};
		C1D485302113F713002E6B3D /* Release */ = {
			isa = XCBuildConfiguration;
			buildSettings = {
				ALWAYS_SEARCH_USER_PATHS = NO;
				CLANG_ANALYZER_NONNULL = YES;
				CLANG_ANALYZER_NUMBER_OBJECT_CONVERSION = YES_AGGRESSIVE;
				CLANG_CXX_LANGUAGE_STANDARD = "gnu++14";
				CLANG_CXX_LIBRARY = "libc++";
				CLANG_ENABLE_MODULES = YES;
				CLANG_ENABLE_OBJC_ARC = YES;
				CLANG_ENABLE_OBJC_WEAK = YES;
				CLANG_WARN_BLOCK_CAPTURE_AUTORELEASING = YES;
				CLANG_WARN_BOOL_CONVERSION = YES;
				CLANG_WARN_COMMA = YES;
				CLANG_WARN_CONSTANT_CONVERSION = YES;
				CLANG_WARN_DEPRECATED_OBJC_IMPLEMENTATIONS = YES;
				CLANG_WARN_DIRECT_OBJC_ISA_USAGE = YES_ERROR;
				CLANG_WARN_DOCUMENTATION_COMMENTS = YES;
				CLANG_WARN_EMPTY_BODY = YES;
				CLANG_WARN_ENUM_CONVERSION = YES;
				CLANG_WARN_INFINITE_RECURSION = YES;
				CLANG_WARN_INT_CONVERSION = YES;
				CLANG_WARN_NON_LITERAL_NULL_CONVERSION = YES;
				CLANG_WARN_OBJC_IMPLICIT_RETAIN_SELF = YES;
				CLANG_WARN_OBJC_LITERAL_CONVERSION = YES;
				CLANG_WARN_OBJC_ROOT_CLASS = YES_ERROR;
				CLANG_WARN_RANGE_LOOP_ANALYSIS = YES;
				CLANG_WARN_STRICT_PROTOTYPES = YES;
				CLANG_WARN_SUSPICIOUS_MOVE = YES;
				CLANG_WARN_UNGUARDED_AVAILABILITY = YES_AGGRESSIVE;
				CLANG_WARN_UNREACHABLE_CODE = YES;
				CLANG_WARN__DUPLICATE_METHOD_MATCH = YES;
				CODE_SIGN_IDENTITY = "iPhone Developer";
				COPY_PHASE_STRIP = NO;
				DEBUG_INFORMATION_FORMAT = "dwarf-with-dsym";
				ENABLE_NS_ASSERTIONS = NO;
				ENABLE_STRICT_OBJC_MSGSEND = YES;
				GCC_C_LANGUAGE_STANDARD = gnu11;
				GCC_NO_COMMON_BLOCKS = YES;
				GCC_WARN_64_TO_32_BIT_CONVERSION = YES;
				GCC_WARN_ABOUT_RETURN_TYPE = YES_ERROR;
				GCC_WARN_UNDECLARED_SELECTOR = YES;
				GCC_WARN_UNINITIALIZED_AUTOS = YES_AGGRESSIVE;
				GCC_WARN_UNUSED_FUNCTION = YES;
				GCC_WARN_UNUSED_VARIABLE = YES;
				IPHONEOS_DEPLOYMENT_TARGET = 11.4;
				MTL_ENABLE_DEBUG_INFO = NO;
				SDKROOT = iphoneos;
				VALIDATE_PRODUCT = YES;
			};
			name = Release;
		};
		C1D485322113F713002E6B3D /* Debug */ = {
			isa = XCBuildConfiguration;
			buildSettings = {
				ASSETCATALOG_COMPILER_APPICON_NAME = AppIcon;
				CODE_SIGN_STYLE = Automatic;
				DEVELOPMENT_TEAM = 368P4F2MDB;
				GCC_PREFIX_HEADER = "$(SRCROOT)/News/Config/PrefixHeader.pch";
				INFOPLIST_FILE = "$(SRCROOT)/News/APPEntry/Info.plist";
				IPHONEOS_DEPLOYMENT_TARGET = 9.0;
				LD_RUNPATH_SEARCH_PATHS = (
					"$(inherited)",
					"@executable_path/Frameworks",
				);
				PRODUCT_BUNDLE_IDENTIFIER = Phoenix.News;
				PRODUCT_NAME = "$(TARGET_NAME)";
				TARGETED_DEVICE_FAMILY = 1;
			};
			name = Debug;
		};
		C1D485332113F713002E6B3D /* Release */ = {
			isa = XCBuildConfiguration;
			buildSettings = {
				ASSETCATALOG_COMPILER_APPICON_NAME = AppIcon;
				CODE_SIGN_STYLE = Automatic;
				DEVELOPMENT_TEAM = 368P4F2MDB;
				GCC_PREFIX_HEADER = "$(SRCROOT)/News/Config/PrefixHeader.pch";
				INFOPLIST_FILE = "$(SRCROOT)/News/APPEntry/Info.plist";
				IPHONEOS_DEPLOYMENT_TARGET = 9.0;
				LD_RUNPATH_SEARCH_PATHS = (
					"$(inherited)",
					"@executable_path/Frameworks",
				);
				PRODUCT_BUNDLE_IDENTIFIER = Phoenix.News;
				PRODUCT_NAME = "$(TARGET_NAME)";
				TARGETED_DEVICE_FAMILY = 1;
			};
			name = Release;
		};
/* End XCBuildConfiguration section */

/* Begin XCConfigurationList section */
		C1D485162113F712002E6B3D /* Build configuration list for PBXProject "News" */ = {
			isa = XCConfigurationList;
			buildConfigurations = (
				C1D4852F2113F713002E6B3D /* Debug */,
				C1D485302113F713002E6B3D /* Release */,
			);
			defaultConfigurationIsVisible = 0;
			defaultConfigurationName = Release;
		};
		C1D485312113F713002E6B3D /* Build configuration list for PBXNativeTarget "News" */ = {
			isa = XCConfigurationList;
			buildConfigurations = (
				C1D485322113F713002E6B3D /* Debug */,
				C1D485332113F713002E6B3D /* Release */,
			);
			defaultConfigurationIsVisible = 0;
			defaultConfigurationName = Release;
		};
/* End XCConfigurationList section */
	};
	rootObject = C1D485132113F712002E6B3D /* Project object */;
}
